// !$*UTF8*$!
{
	archiveVersion = 1;
	classes = {
	};
	objectVersion = 56;
	objects = {

/* Begin PBXBuildFile section */
		83A909032BE29FB30068CF80 /* AppDelegate.swift in Sources */ = {isa = PBXBuildFile; fileRef = 83A909022BE29FB30068CF80 /* AppDelegate.swift */; };
		83A909052BE29FB30068CF80 /* SceneDelegate.swift in Sources */ = {isa = PBXBuildFile; fileRef = 83A909042BE29FB30068CF80 /* SceneDelegate.swift */; };
		83A909072BE29FB30068CF80 /* ViewController.swift in Sources */ = {isa = PBXBuildFile; fileRef = 83A909062BE29FB30068CF80 /* ViewController.swift */; };
		83A9090A2BE29FB30068CF80 /* Base in Resources */ = {isa = PBXBuildFile; fileRef = 83A909092BE29FB30068CF80 /* Base */; };
		83A9090C2BE29FB60068CF80 /* Assets.xcassets in Resources */ = {isa = PBXBuildFile; fileRef = 83A9090B2BE29FB60068CF80 /* Assets.xcassets */; };
		83A9090F2BE29FB60068CF80 /* Base in Resources */ = {isa = PBXBuildFile; fileRef = 83A9090E2BE29FB60068CF80 /* Base */; };
		83ECDAF82BE4116400F5C0F2 /* Team.swift in Sources */ = {isa = PBXBuildFile; fileRef = 83ECDAF72BE4116400F5C0F2 /* Team.swift */; };
		83ECDAFB2BE4162600F5C0F2 /* ApiClient.swift in Sources */ = {isa = PBXBuildFile; fileRef = 83ECDAFA2BE4162600F5C0F2 /* ApiClient.swift */; };
		83ECDAFF2BE54CD900F5C0F2 /* TeamViewController.swift in Sources */ = {isa = PBXBuildFile; fileRef = 83ECDAFE2BE54CD900F5C0F2 /* TeamViewController.swift */; };
		83ECDB012BE5509800F5C0F2 /* FixturesViewController.swift in Sources */ = {isa = PBXBuildFile; fileRef = 83ECDB002BE5509800F5C0F2 /* FixturesViewController.swift */; };
		83ECDB042BE550BA00F5C0F2 /* FavoritesViewController.swift in Sources */ = {isa = PBXBuildFile; fileRef = 83ECDB032BE550BA00F5C0F2 /* FavoritesViewController.swift */; };
/* End PBXBuildFile section */

/* Begin PBXContainerItemProxy section */
		83A909162BE29FB60068CF80 /* PBXContainerItemProxy */ = {
			isa = PBXContainerItemProxy;
			containerPortal = 83A908F72BE29FB20068CF80 /* Project object */;
			proxyType = 1;
			remoteGlobalIDString = 83A908FE2BE29FB30068CF80;
			remoteInfo = LaLigaApp;
		};
		83A909202BE29FB60068CF80 /* PBXContainerItemProxy */ = {
			isa = PBXContainerItemProxy;
			containerPortal = 83A908F72BE29FB20068CF80 /* Project object */;
			proxyType = 1;
			remoteGlobalIDString = 83A908FE2BE29FB30068CF80;
			remoteInfo = LaLigaApp;
		};
/* End PBXContainerItemProxy section */

/* Begin PBXFileReference section */
		83A908FF2BE29FB30068CF80 /* LaLigaApp.app */ = {isa = PBXFileReference; explicitFileType = wrapper.application; includeInIndex = 0; path = LaLigaApp.app; sourceTree = BUILT_PRODUCTS_DIR; };
		83A909022BE29FB30068CF80 /* AppDelegate.swift */ = {isa = PBXFileReference; lastKnownFileType = sourcecode.swift; path = AppDelegate.swift; sourceTree = "<group>"; };
		83A909042BE29FB30068CF80 /* SceneDelegate.swift */ = {isa = PBXFileReference; lastKnownFileType = sourcecode.swift; path = SceneDelegate.swift; sourceTree = "<group>"; };
		83A909062BE29FB30068CF80 /* ViewController.swift */ = {isa = PBXFileReference; lastKnownFileType = sourcecode.swift; path = ViewController.swift; sourceTree = "<group>"; };
		83A909092BE29FB30068CF80 /* Base */ = {isa = PBXFileReference; lastKnownFileType = file.storyboard; name = Base; path = Base.lproj/Main.storyboard; sourceTree = "<group>"; };
		83A9090B2BE29FB60068CF80 /* Assets.xcassets */ = {isa = PBXFileReference; lastKnownFileType = folder.assetcatalog; path = Assets.xcassets; sourceTree = "<group>"; };
		83A9090E2BE29FB60068CF80 /* Base */ = {isa = PBXFileReference; lastKnownFileType = file.storyboard; name = Base; path = Base.lproj/LaunchScreen.storyboard; sourceTree = "<group>"; };
		83A909102BE29FB60068CF80 /* Info.plist */ = {isa = PBXFileReference; lastKnownFileType = text.plist.xml; path = Info.plist; sourceTree = "<group>"; };
		83A909152BE29FB60068CF80 /* LaLigaAppTests.xctest */ = {isa = PBXFileReference; explicitFileType = wrapper.cfbundle; includeInIndex = 0; path = LaLigaAppTests.xctest; sourceTree = BUILT_PRODUCTS_DIR; };
		83A9091F2BE29FB60068CF80 /* LaLigaAppUITests.xctest */ = {isa = PBXFileReference; explicitFileType = wrapper.cfbundle; includeInIndex = 0; path = LaLigaAppUITests.xctest; sourceTree = BUILT_PRODUCTS_DIR; };
		83ECDAF72BE4116400F5C0F2 /* Team.swift */ = {isa = PBXFileReference; lastKnownFileType = sourcecode.swift; path = Team.swift; sourceTree = "<group>"; };
		83ECDAFA2BE4162600F5C0F2 /* ApiClient.swift */ = {isa = PBXFileReference; lastKnownFileType = sourcecode.swift; path = ApiClient.swift; sourceTree = "<group>"; };
		83ECDAFE2BE54CD900F5C0F2 /* TeamViewController.swift */ = {isa = PBXFileReference; lastKnownFileType = sourcecode.swift; path = TeamViewController.swift; sourceTree = "<group>"; };
		83ECDB002BE5509800F5C0F2 /* FixturesViewController.swift */ = {isa = PBXFileReference; lastKnownFileType = sourcecode.swift; path = FixturesViewController.swift; sourceTree = "<group>"; };
		83ECDB032BE550BA00F5C0F2 /* FavoritesViewController.swift */ = {isa = PBXFileReference; lastKnownFileType = sourcecode.swift; path = FavoritesViewController.swift; sourceTree = "<group>"; };
/* End PBXFileReference section */

/* Begin PBXFrameworksBuildPhase section */
		83A908FC2BE29FB30068CF80 /* Frameworks */ = {
			isa = PBXFrameworksBuildPhase;
			buildActionMask = 2147483647;
			files = (
			);
			runOnlyForDeploymentPostprocessing = 0;
		};
		83A909122BE29FB60068CF80 /* Frameworks */ = {
			isa = PBXFrameworksBuildPhase;
			buildActionMask = 2147483647;
			files = (
			);
			runOnlyForDeploymentPostprocessing = 0;
		};
		83A9091C2BE29FB60068CF80 /* Frameworks */ = {
			isa = PBXFrameworksBuildPhase;
			buildActionMask = 2147483647;
			files = (
			);
			runOnlyForDeploymentPostprocessing = 0;
		};
/* End PBXFrameworksBuildPhase section */

/* Begin PBXGroup section */
		83A908F62BE29FB20068CF80 = {
			isa = PBXGroup;
			children = (
				83A909012BE29FB30068CF80 /* LaLigaApp */,
				83A909002BE29FB30068CF80 /* Products */,
			);
			sourceTree = "<group>";
		};
		83A909002BE29FB30068CF80 /* Products */ = {
			isa = PBXGroup;
			children = (
				83A908FF2BE29FB30068CF80 /* LaLigaApp.app */,
				83A909152BE29FB60068CF80 /* LaLigaAppTests.xctest */,
				83A9091F2BE29FB60068CF80 /* LaLigaAppUITests.xctest */,
			);
			name = Products;
			sourceTree = "<group>";
		};
		83A909012BE29FB30068CF80 /* LaLigaApp */ = {
			isa = PBXGroup;
			children = (
				83ECDAF92BE4161500F5C0F2 /* Network */,
				83ECDAF62BE4113E00F5C0F2 /* Model */,
				83A909022BE29FB30068CF80 /* AppDelegate.swift */,
				83A909042BE29FB30068CF80 /* SceneDelegate.swift */,
				83A909062BE29FB30068CF80 /* ViewController.swift */,
				83A909082BE29FB30068CF80 /* Main.storyboard */,
				83A9090B2BE29FB60068CF80 /* Assets.xcassets */,
				83A9090D2BE29FB60068CF80 /* LaunchScreen.storyboard */,
				83A909102BE29FB60068CF80 /* Info.plist */,
				83ECDAFE2BE54CD900F5C0F2 /* TeamViewController.swift */,
				83ECDB002BE5509800F5C0F2 /* FixturesViewController.swift */,
				83ECDB032BE550BA00F5C0F2 /* FavoritesViewController.swift */,
			);
			path = LaLigaApp;
			sourceTree = "<group>";
		};
		83ECDAF62BE4113E00F5C0F2 /* Model */ = {
			isa = PBXGroup;
			children = (
				83ECDAF72BE4116400F5C0F2 /* Team.swift */,
			);
			path = Model;
			sourceTree = "<group>";
		};
		83ECDAF92BE4161500F5C0F2 /* Network */ = {
			isa = PBXGroup;
			children = (
				83ECDAFA2BE4162600F5C0F2 /* ApiClient.swift */,
			);
			path = Network;
			sourceTree = "<group>";
		};
/* End PBXGroup section */

/* Begin PBXNativeTarget section */
		83A908FE2BE29FB30068CF80 /* LaLigaApp */ = {
			isa = PBXNativeTarget;
			buildConfigurationList = 83A909292BE29FB70068CF80 /* Build configuration list for PBXNativeTarget "LaLigaApp" */;
			buildPhases = (
				83A908FB2BE29FB30068CF80 /* Sources */,
				83A908FC2BE29FB30068CF80 /* Frameworks */,
				83A908FD2BE29FB30068CF80 /* Resources */,
			);
			buildRules = (
			);
			dependencies = (
			);
			name = LaLigaApp;
			productName = LaLigaApp;
			productReference = 83A908FF2BE29FB30068CF80 /* LaLigaApp.app */;
			productType = "com.apple.product-type.application";
		};
		83A909142BE29FB60068CF80 /* LaLigaAppTests */ = {
			isa = PBXNativeTarget;
			buildConfigurationList = 83A9092C2BE29FB70068CF80 /* Build configuration list for PBXNativeTarget "LaLigaAppTests" */;
			buildPhases = (
				83A909112BE29FB60068CF80 /* Sources */,
				83A909122BE29FB60068CF80 /* Frameworks */,
				83A909132BE29FB60068CF80 /* Resources */,
			);
			buildRules = (
			);
			dependencies = (
				83A909172BE29FB60068CF80 /* PBXTargetDependency */,
			);
			name = LaLigaAppTests;
			productName = LaLigaAppTests;
			productReference = 83A909152BE29FB60068CF80 /* LaLigaAppTests.xctest */;
			productType = "com.apple.product-type.bundle.unit-test";
		};
		83A9091E2BE29FB60068CF80 /* LaLigaAppUITests */ = {
			isa = PBXNativeTarget;
			buildConfigurationList = 83A9092F2BE29FB70068CF80 /* Build configuration list for PBXNativeTarget "LaLigaAppUITests" */;
			buildPhases = (
				83A9091B2BE29FB60068CF80 /* Sources */,
				83A9091C2BE29FB60068CF80 /* Frameworks */,
				83A9091D2BE29FB60068CF80 /* Resources */,
			);
			buildRules = (
			);
			dependencies = (
				83A909212BE29FB60068CF80 /* PBXTargetDependency */,
			);
			name = LaLigaAppUITests;
			productName = LaLigaAppUITests;
			productReference = 83A9091F2BE29FB60068CF80 /* LaLigaAppUITests.xctest */;
			productType = "com.apple.product-type.bundle.ui-testing";
		};
/* End PBXNativeTarget section */

/* Begin PBXProject section */
		83A908F72BE29FB20068CF80 /* Project object */ = {
			isa = PBXProject;
			attributes = {
				BuildIndependentTargetsInParallel = 1;
				LastSwiftUpdateCheck = 1530;
				LastUpgradeCheck = 1530;
				TargetAttributes = {
					83A908FE2BE29FB30068CF80 = {
						CreatedOnToolsVersion = 15.3;
					};
					83A909142BE29FB60068CF80 = {
						CreatedOnToolsVersion = 15.3;
						TestTargetID = 83A908FE2BE29FB30068CF80;
					};
					83A9091E2BE29FB60068CF80 = {
						CreatedOnToolsVersion = 15.3;
						TestTargetID = 83A908FE2BE29FB30068CF80;
					};
				};
			};
			buildConfigurationList = 83A908FA2BE29FB20068CF80 /* Build configuration list for PBXProject "LaLigaApp" */;
			compatibilityVersion = "Xcode 14.0";
			developmentRegion = en;
			hasScannedForEncodings = 0;
			knownRegions = (
				en,
				Base,
			);
			mainGroup = 83A908F62BE29FB20068CF80;
			productRefGroup = 83A909002BE29FB30068CF80 /* Products */;
			projectDirPath = "";
			projectRoot = "";
			targets = (
				83A908FE2BE29FB30068CF80 /* LaLigaApp */,
				83A909142BE29FB60068CF80 /* LaLigaAppTests */,
				83A9091E2BE29FB60068CF80 /* LaLigaAppUITests */,
			);
		};
/* End PBXProject section */

/* Begin PBXResourcesBuildPhase section */
		83A908FD2BE29FB30068CF80 /* Resources */ = {
			isa = PBXResourcesBuildPhase;
			buildActionMask = 2147483647;
			files = (
				83A9090C2BE29FB60068CF80 /* Assets.xcassets in Resources */,
				83A9090F2BE29FB60068CF80 /* Base in Resources */,
				83A9090A2BE29FB30068CF80 /* Base in Resources */,
			);
			runOnlyForDeploymentPostprocessing = 0;
		};
		83A909132BE29FB60068CF80 /* Resources */ = {
			isa = PBXResourcesBuildPhase;
			buildActionMask = 2147483647;
			files = (
			);
			runOnlyForDeploymentPostprocessing = 0;
		};
		83A9091D2BE29FB60068CF80 /* Resources */ = {
			isa = PBXResourcesBuildPhase;
			buildActionMask = 2147483647;
			files = (
			);
			runOnlyForDeploymentPostprocessing = 0;
		};
/* End PBXResourcesBuildPhase section */

/* Begin PBXSourcesBuildPhase section */
		83A908FB2BE29FB30068CF80 /* Sources */ = {
			isa = PBXSourcesBuildPhase;
			buildActionMask = 2147483647;
			files = (
				83ECDB012BE5509800F5C0F2 /* FixturesViewController.swift in Sources */,
				83A909072BE29FB30068CF80 /* ViewController.swift in Sources */,
				83ECDB042BE550BA00F5C0F2 /* FavoritesViewController.swift in Sources */,
				83ECDAFF2BE54CD900F5C0F2 /* TeamViewController.swift in Sources */,
				83A909032BE29FB30068CF80 /* AppDelegate.swift in Sources */,
				83ECDAF82BE4116400F5C0F2 /* Team.swift in Sources */,
				83A909052BE29FB30068CF80 /* SceneDelegate.swift in Sources */,
				83ECDAFB2BE4162600F5C0F2 /* ApiClient.swift in Sources */,
			);
			runOnlyForDeploymentPostprocessing = 0;
		};
		83A909112BE29FB60068CF80 /* Sources */ = {
			isa = PBXSourcesBuildPhase;
			buildActionMask = 2147483647;
			files = (
			);
			runOnlyForDeploymentPostprocessing = 0;
		};
		83A9091B2BE29FB60068CF80 /* Sources */ = {
			isa = PBXSourcesBuildPhase;
			buildActionMask = 2147483647;
			files = (
			);
			runOnlyForDeploymentPostprocessing = 0;
		};
/* End PBXSourcesBuildPhase section */

/* Begin PBXTargetDependency section */
		83A909172BE29FB60068CF80 /* PBXTargetDependency */ = {
			isa = PBXTargetDependency;
			target = 83A908FE2BE29FB30068CF80 /* LaLigaApp */;
			targetProxy = 83A909162BE29FB60068CF80 /* PBXContainerItemProxy */;
		};
		83A909212BE29FB60068CF80 /* PBXTargetDependency */ = {
			isa = PBXTargetDependency;
			target = 83A908FE2BE29FB30068CF80 /* LaLigaApp */;
			targetProxy = 83A909202BE29FB60068CF80 /* PBXContainerItemProxy */;
		};
/* End PBXTargetDependency section */

/* Begin PBXVariantGroup section */
		83A909082BE29FB30068CF80 /* Main.storyboard */ = {
			isa = PBXVariantGroup;
			children = (
				83A909092BE29FB30068CF80 /* Base */,
			);
			name = Main.storyboard;
			sourceTree = "<group>";
		};
		83A9090D2BE29FB60068CF80 /* LaunchScreen.storyboard */ = {
			isa = PBXVariantGroup;
			children = (
				83A9090E2BE29FB60068CF80 /* Base */,
			);
			name = LaunchScreen.storyboard;
			sourceTree = "<group>";
		};
/* End PBXVariantGroup section */

/* Begin XCBuildConfiguration section */
		83A909272BE29FB60068CF80 /* Debug */ = {
			isa = XCBuildConfiguration;
			buildSettings = {
				ALWAYS_SEARCH_USER_PATHS = NO;
				ASSETCATALOG_COMPILER_GENERATE_SWIFT_ASSET_SYMBOL_EXTENSIONS = YES;
				CLANG_ANALYZER_NONNULL = YES;
				CLANG_ANALYZER_NUMBER_OBJECT_CONVERSION = YES_AGGRESSIVE;
				CLANG_CXX_LANGUAGE_STANDARD = "gnu++20";
				CLANG_ENABLE_MODULES = YES;
				CLANG_ENABLE_OBJC_ARC = YES;
				CLANG_ENABLE_OBJC_WEAK = YES;
				CLANG_WARN_BLOCK_CAPTURE_AUTORELEASING = YES;
				CLANG_WARN_BOOL_CONVERSION = YES;
				CLANG_WARN_COMMA = YES;
				CLANG_WARN_CONSTANT_CONVERSION = YES;
				CLANG_WARN_DEPRECATED_OBJC_IMPLEMENTATIONS = YES;
				CLANG_WARN_DIRECT_OBJC_ISA_USAGE = YES_ERROR;
				CLANG_WARN_DOCUMENTATION_COMMENTS = YES;
				CLANG_WARN_EMPTY_BODY = YES;
				CLANG_WARN_ENUM_CONVERSION = YES;
				CLANG_WARN_INFINITE_RECURSION = YES;
				CLANG_WARN_INT_CONVERSION = YES;
				CLANG_WARN_NON_LITERAL_NULL_CONVERSION = YES;
				CLANG_WARN_OBJC_IMPLICIT_RETAIN_SELF = YES;
				CLANG_WARN_OBJC_LITERAL_CONVERSION = YES;
				CLANG_WARN_OBJC_ROOT_CLASS = YES_ERROR;
				CLANG_WARN_QUOTED_INCLUDE_IN_FRAMEWORK_HEADER = YES;
				CLANG_WARN_RANGE_LOOP_ANALYSIS = YES;
				CLANG_WARN_STRICT_PROTOTYPES = YES;
				CLANG_WARN_SUSPICIOUS_MOVE = YES;
				CLANG_WARN_UNGUARDED_AVAILABILITY = YES_AGGRESSIVE;
				CLANG_WARN_UNREACHABLE_CODE = YES;
				CLANG_WARN__DUPLICATE_METHOD_MATCH = YES;
				COPY_PHASE_STRIP = NO;
				DEBUG_INFORMATION_FORMAT = dwarf;
				ENABLE_STRICT_OBJC_MSGSEND = YES;
				ENABLE_TESTABILITY = YES;
				ENABLE_USER_SCRIPT_SANDBOXING = YES;
				GCC_C_LANGUAGE_STANDARD = gnu17;
				GCC_DYNAMIC_NO_PIC = NO;
				GCC_NO_COMMON_BLOCKS = YES;
				GCC_OPTIMIZATION_LEVEL = 0;
				GCC_PREPROCESSOR_DEFINITIONS = (
					"DEBUG=1",
					"$(inherited)",
				);
				GCC_WARN_64_TO_32_BIT_CONVERSION = YES;
				GCC_WARN_ABOUT_RETURN_TYPE = YES_ERROR;
				GCC_WARN_UNDECLARED_SELECTOR = YES;
				GCC_WARN_UNINITIALIZED_AUTOS = YES_AGGRESSIVE;
				GCC_WARN_UNUSED_FUNCTION = YES;
				GCC_WARN_UNUSED_VARIABLE = YES;
				IPHONEOS_DEPLOYMENT_TARGET = 17.4;
				LOCALIZATION_PREFERS_STRING_CATALOGS = YES;
				MTL_ENABLE_DEBUG_INFO = INCLUDE_SOURCE;
				MTL_FAST_MATH = YES;
				ONLY_ACTIVE_ARCH = YES;
				SDKROOT = iphoneos;
				SWIFT_ACTIVE_COMPILATION_CONDITIONS = "DEBUG $(inherited)";
				SWIFT_OPTIMIZATION_LEVEL = "-Onone";
			};
			name = Debug;
		};
		83A909282BE29FB60068CF80 /* Release */ = {
			isa = XCBuildConfiguration;
			buildSettings = {
				ALWAYS_SEARCH_USER_PATHS = NO;
				ASSETCATALOG_COMPILER_GENERATE_SWIFT_ASSET_SYMBOL_EXTENSIONS = YES;
				CLANG_ANALYZER_NONNULL = YES;
				CLANG_ANALYZER_NUMBER_OBJECT_CONVERSION = YES_AGGRESSIVE;
				CLANG_CXX_LANGUAGE_STANDARD = "gnu++20";
				CLANG_ENABLE_MODULES = YES;
				CLANG_ENABLE_OBJC_ARC = YES;
				CLANG_ENABLE_OBJC_WEAK = YES;
				CLANG_WARN_BLOCK_CAPTURE_AUTORELEASING = YES;
				CLANG_WARN_BOOL_CONVERSION = YES;
				CLANG_WARN_COMMA = YES;
				CLANG_WARN_CONSTANT_CONVERSION = YES;
				CLANG_WARN_DEPRECATED_OBJC_IMPLEMENTATIONS = YES;
				CLANG_WARN_DIRECT_OBJC_ISA_USAGE = YES_ERROR;
				CLANG_WARN_DOCUMENTATION_COMMENTS = YES;
				CLANG_WARN_EMPTY_BODY = YES;
				CLANG_WARN_ENUM_CONVERSION = YES;
				CLANG_WARN_INFINITE_RECURSION = YES;
				CLANG_WARN_INT_CONVERSION = YES;
				CLANG_WARN_NON_LITERAL_NULL_CONVERSION = YES;
				CLANG_WARN_OBJC_IMPLICIT_RETAIN_SELF = YES;
				CLANG_WARN_OBJC_LITERAL_CONVERSION = YES;
				CLANG_WARN_OBJC_ROOT_CLASS = YES_ERROR;
				CLANG_WARN_QUOTED_INCLUDE_IN_FRAMEWORK_HEADER = YES;
				CLANG_WARN_RANGE_LOOP_ANALYSIS = YES;
				CLANG_WARN_STRICT_PROTOTYPES = YES;
				CLANG_WARN_SUSPICIOUS_MOVE = YES;
				CLANG_WARN_UNGUARDED_AVAILABILITY = YES_AGGRESSIVE;
				CLANG_WARN_UNREACHABLE_CODE = YES;
				CLANG_WARN__DUPLICATE_METHOD_MATCH = YES;
				COPY_PHASE_STRIP = NO;
				DEBUG_INFORMATION_FORMAT = "dwarf-with-dsym";
				ENABLE_NS_ASSERTIONS = NO;
				ENABLE_STRICT_OBJC_MSGSEND = YES;
				ENABLE_USER_SCRIPT_SANDBOXING = YES;
				GCC_C_LANGUAGE_STANDARD = gnu17;
				GCC_NO_COMMON_BLOCKS = YES;
				GCC_WARN_64_TO_32_BIT_CONVERSION = YES;
				GCC_WARN_ABOUT_RETURN_TYPE = YES_ERROR;
				GCC_WARN_UNDECLARED_SELECTOR = YES;
				GCC_WARN_UNINITIALIZED_AUTOS = YES_AGGRESSIVE;
				GCC_WARN_UNUSED_FUNCTION = YES;
				GCC_WARN_UNUSED_VARIABLE = YES;
				IPHONEOS_DEPLOYMENT_TARGET = 17.4;
				LOCALIZATION_PREFERS_STRING_CATALOGS = YES;
				MTL_ENABLE_DEBUG_INFO = NO;
				MTL_FAST_MATH = YES;
				SDKROOT = iphoneos;
				SWIFT_COMPILATION_MODE = wholemodule;
				VALIDATE_PRODUCT = YES;
			};
			name = Release;
		};
		83A9092A2BE29FB70068CF80 /* Debug */ = {
			isa = XCBuildConfiguration;
			buildSettings = {
				ASSETCATALOG_COMPILER_APPICON_NAME = AppIcon;
				ASSETCATALOG_COMPILER_GLOBAL_ACCENT_COLOR_NAME = AccentColor;
				CODE_SIGN_STYLE = Automatic;
				CURRENT_PROJECT_VERSION = 1;
				DEVELOPMENT_TEAM = JNSWVZ579M;
				GENERATE_INFOPLIST_FILE = YES;
				INFOPLIST_FILE = LaLigaApp/Info.plist;
				INFOPLIST_KEY_UIApplicationSupportsIndirectInputEvents = YES;
				INFOPLIST_KEY_UILaunchStoryboardName = LaunchScreen;
				INFOPLIST_KEY_UIMainStoryboardFile = Main;
				INFOPLIST_KEY_UISupportedInterfaceOrientations_iPad = "UIInterfaceOrientationPortrait UIInterfaceOrientationPortraitUpsideDown UIInterfaceOrientationLandscapeLeft UIInterfaceOrientationLandscapeRight";
				INFOPLIST_KEY_UISupportedInterfaceOrientations_iPhone = "UIInterfaceOrientationPortrait UIInterfaceOrientationLandscapeLeft UIInterfaceOrientationLandscapeRight";
				IPHONEOS_DEPLOYMENT_TARGET = 16.0;
				LD_RUNPATH_SEARCH_PATHS = (
					"$(inherited)",
					"@executable_path/Frameworks",
				);
				MARKETING_VERSION = 1.0;
				PRODUCT_BUNDLE_IDENTIFIER = com.upsa.mimo.LaLigaApp;
				PRODUCT_NAME = "$(TARGET_NAME)";
				SUPPORTED_PLATFORMS = "iphoneos iphonesimulator";
				SUPPORTS_MACCATALYST = NO;
				SUPPORTS_MAC_DESIGNED_FOR_IPHONE_IPAD = NO;
				SUPPORTS_XR_DESIGNED_FOR_IPHONE_IPAD = NO;
				SWIFT_EMIT_LOC_STRINGS = YES;
				SWIFT_VERSION = 5.0;
				TARGETED_DEVICE_FAMILY = "1,2";
			};
			name = Debug;
		};
		83A9092B2BE29FB70068CF80 /* Release */ = {
			isa = XCBuildConfiguration;
			buildSettings = {
				ASSETCATALOG_COMPILER_APPICON_NAME = AppIcon;
				ASSETCATALOG_COMPILER_GLOBAL_ACCENT_COLOR_NAME = AccentColor;
				CODE_SIGN_STYLE = Automatic;
				CURRENT_PROJECT_VERSION = 1;
				DEVELOPMENT_TEAM = JNSWVZ579M;
				GENERATE_INFOPLIST_FILE = YES;
				INFOPLIST_FILE = LaLigaApp/Info.plist;
				INFOPLIST_KEY_UIApplicationSupportsIndirectInputEvents = YES;
				INFOPLIST_KEY_UILaunchStoryboardName = LaunchScreen;
				INFOPLIST_KEY_UIMainStoryboardFile = Main;
				INFOPLIST_KEY_UISupportedInterfaceOrientations_iPad = "UIInterfaceOrientationPortrait UIInterfaceOrientationPortraitUpsideDown UIInterfaceOrientationLandscapeLeft UIInterfaceOrientationLandscapeRight";
				INFOPLIST_KEY_UISupportedInterfaceOrientations_iPhone = "UIInterfaceOrientationPortrait UIInterfaceOrientationLandscapeLeft UIInterfaceOrientationLandscapeRight";
				IPHONEOS_DEPLOYMENT_TARGET = 16.0;
				LD_RUNPATH_SEARCH_PATHS = (
					"$(inherited)",
					"@executable_path/Frameworks",
				);
				MARKETING_VERSION = 1.0;
				PRODUCT_BUNDLE_IDENTIFIER = com.upsa.mimo.LaLigaApp;
				PRODUCT_NAME = "$(TARGET_NAME)";
				SUPPORTED_PLATFORMS = "iphoneos iphonesimulator";
				SUPPORTS_MACCATALYST = NO;
				SUPPORTS_MAC_DESIGNED_FOR_IPHONE_IPAD = NO;
				SUPPORTS_XR_DESIGNED_FOR_IPHONE_IPAD = NO;
				SWIFT_EMIT_LOC_STRINGS = YES;
				SWIFT_VERSION = 5.0;
				TARGETED_DEVICE_FAMILY = "1,2";
			};
			name = Release;
		};
		83A9092D2BE29FB70068CF80 /* Debug */ = {
			isa = XCBuildConfiguration;
			buildSettings = {
				ALWAYS_EMBED_SWIFT_STANDARD_LIBRARIES = YES;
				BUNDLE_LOADER = "$(TEST_HOST)";
				CODE_SIGN_STYLE = Automatic;
				CURRENT_PROJECT_VERSION = 1;
				GENERATE_INFOPLIST_FILE = YES;
				IPHONEOS_DEPLOYMENT_TARGET = 17.4;
				MARKETING_VERSION = 1.0;
				PRODUCT_BUNDLE_IDENTIFIER = com.upsa.mimo.LaLigaAppTests;
				PRODUCT_NAME = "$(TARGET_NAME)";
				SWIFT_EMIT_LOC_STRINGS = NO;
				SWIFT_VERSION = 5.0;
				TARGETED_DEVICE_FAMILY = "1,2";
				TEST_HOST = "$(BUILT_PRODUCTS_DIR)/LaLigaApp.app/$(BUNDLE_EXECUTABLE_FOLDER_PATH)/LaLigaApp";
			};
			name = Debug;
		};
		83A9092E2BE29FB70068CF80 /* Release */ = {
			isa = XCBuildConfiguration;
			buildSettings = {
				ALWAYS_EMBED_SWIFT_STANDARD_LIBRARIES = YES;
				BUNDLE_LOADER = "$(TEST_HOST)";
				CODE_SIGN_STYLE = Automatic;
				CURRENT_PROJECT_VERSION = 1;
				GENERATE_INFOPLIST_FILE = YES;
				IPHONEOS_DEPLOYMENT_TARGET = 17.4;
				MARKETING_VERSION = 1.0;
				PRODUCT_BUNDLE_IDENTIFIER = com.upsa.mimo.LaLigaAppTests;
				PRODUCT_NAME = "$(TARGET_NAME)";
				SWIFT_EMIT_LOC_STRINGS = NO;
				SWIFT_VERSION = 5.0;
				TARGETED_DEVICE_FAMILY = "1,2";
				TEST_HOST = "$(BUILT_PRODUCTS_DIR)/LaLigaApp.app/$(BUNDLE_EXECUTABLE_FOLDER_PATH)/LaLigaApp";
			};
			name = Release;
		};
		83A909302BE29FB70068CF80 /* Debug */ = {
			isa = XCBuildConfiguration;
			buildSettings = {
				ALWAYS_EMBED_SWIFT_STANDARD_LIBRARIES = YES;
				CODE_SIGN_STYLE = Automatic;
				CURRENT_PROJECT_VERSION = 1;
				GENERATE_INFOPLIST_FILE = YES;
				MARKETING_VERSION = 1.0;
				PRODUCT_BUNDLE_IDENTIFIER = com.upsa.mimo.LaLigaAppUITests;
				PRODUCT_NAME = "$(TARGET_NAME)";
				SWIFT_EMIT_LOC_STRINGS = NO;
				SWIFT_VERSION = 5.0;
				TARGETED_DEVICE_FAMILY = "1,2";
				TEST_TARGET_NAME = LaLigaApp;
			};
			name = Debug;
		};
		83A909312BE29FB70068CF80 /* Release */ = {
			isa = XCBuildConfiguration;
			buildSettings = {
				ALWAYS_EMBED_SWIFT_STANDARD_LIBRARIES = YES;
				CODE_SIGN_STYLE = Automatic;
				CURRENT_PROJECT_VERSION = 1;
				GENERATE_INFOPLIST_FILE = YES;
				MARKETING_VERSION = 1.0;
				PRODUCT_BUNDLE_IDENTIFIER = com.upsa.mimo.LaLigaAppUITests;
				PRODUCT_NAME = "$(TARGET_NAME)";
				SWIFT_EMIT_LOC_STRINGS = NO;
				SWIFT_VERSION = 5.0;
				TARGETED_DEVICE_FAMILY = "1,2";
				TEST_TARGET_NAME = LaLigaApp;
			};
			name = Release;
		};
/* End XCBuildConfiguration section */

/* Begin XCConfigurationList section */
		83A908FA2BE29FB20068CF80 /* Build configuration list for PBXProject "LaLigaApp" */ = {
			isa = XCConfigurationList;
			buildConfigurations = (
				83A909272BE29FB60068CF80 /* Debug */,
				83A909282BE29FB60068CF80 /* Release */,
			);
			defaultConfigurationIsVisible = 0;
			defaultConfigurationName = Release;
		};
		83A909292BE29FB70068CF80 /* Build configuration list for PBXNativeTarget "LaLigaApp" */ = {
			isa = XCConfigurationList;
			buildConfigurations = (
				83A9092A2BE29FB70068CF80 /* Debug */,
				83A9092B2BE29FB70068CF80 /* Release */,
			);
			defaultConfigurationIsVisible = 0;
			defaultConfigurationName = Release;
		};
		83A9092C2BE29FB70068CF80 /* Build configuration list for PBXNativeTarget "LaLigaAppTests" */ = {
			isa = XCConfigurationList;
			buildConfigurations = (
				83A9092D2BE29FB70068CF80 /* Debug */,
				83A9092E2BE29FB70068CF80 /* Release */,
			);
			defaultConfigurationIsVisible = 0;
			defaultConfigurationName = Release;
		};
		83A9092F2BE29FB70068CF80 /* Build configuration list for PBXNativeTarget "LaLigaAppUITests" */ = {
			isa = XCConfigurationList;
			buildConfigurations = (
				83A909302BE29FB70068CF80 /* Debug */,
				83A909312BE29FB70068CF80 /* Release */,
			);
			defaultConfigurationIsVisible = 0;
			defaultConfigurationName = Release;
		};
/* End XCConfigurationList section */
	};
	rootObject = 83A908F72BE29FB20068CF80 /* Project object */;
}
